
Microsoft Visual Studio Solution File, Format Version 12.00
# Visual Studio Version 16
VisualStudioVersion = 16.0.30907.101
MinimumVisualStudioVersion = 15.0.26124.0
Project("{9A19103F-16F7-4668-BE54-9A1E7A4F7556}") = "CliSpectogram.NET", "CliSpectogram.NET.csproj", "{0137A930-4517-4378-8CA5-C617F5AC4A88}"
EndProject
Global
	GlobalSection(SolutionConfigurationPlatforms) = preSolution
		Debug|Any CPU = Debug|Any CPU
		Debug|x64 = Debug|x64
		Debug|x86 = Debug|x86
		Release|Any CPU = Release|Any CPU
		Release|x64 = Release|x64
		Release|x86 = Release|x86
	EndGlobalSection
	GlobalSection(ProjectConfigurationPlatforms) = postSolution
		{0137A930-4517-4378-8CA5-C617F5AC4A88}.Debug|Any CPU.ActiveCfg = Debug|Any CPU
		{0137A930-4517-4378-8CA5-C617F5AC4A88}.Debug|Any CPU.Build.0 = Debug|Any CPU
		{0137A930-4517-4378-8CA5-C617F5AC4A88}.Debug|x64.ActiveCfg = Debug|Any CPU
		{0137A930-4517-4378-8CA5-C617F5AC4A88}.Debug|x64.Build.0 = Debug|Any CPU
		{0137A930-4517-4378-8CA5-C617F5AC4A88}.Debug|x86.ActiveCfg = Debug|Any CPU
		{0137A930-4517-4378-8CA5-C617F5AC4A88}.Debug|x86.Build.0 = Debug|Any CPU
		{0137A930-4517-4378-8CA5-C617F5AC4A88}.Release|Any CPU.ActiveCfg = Release|Any CPU
		{0137A930-4517-4378-8CA5-C617F5AC4A88}.Release|Any CPU.Build.0 = Release|Any CPU
		{0137A930-4517-4378-8CA5-C617F5AC4A88}.Release|x64.ActiveCfg = Release|Any CPU
		{0137A930-4517-4378-8CA5-C617F5AC4A88}.Release|x64.Build.0 = Release|Any CPU
		{0137A930-4517-4378-8CA5-C617F5AC4A88}.Release|x86.ActiveCfg = Release|Any CPU
		{0137A930-4517-4378-8CA5-C617F5AC4A88}.Release|x86.Build.0 = Release|Any CPU
	EndGlobalSection
	GlobalSection(SolutionProperties) = preSolution
		HideSolutionNode = FALSE
	EndGlobalSection
	GlobalSection(ExtensibilityGlobals) = postSolution
		SolutionGuid = {14030AFA-3BB5-4FD7-A7ED-60693CA6728C}
	EndGlobalSection
EndGlobal
